
Microsoft Visual Studio Solution File, Format Version 12.00
# Visual Studio Version 17
VisualStudioVersion = 17.2.32516.85
MinimumVisualStudioVersion = 10.0.40219.1
Project("{9A19103F-16F7-4668-BE54-9A1E7A4F7556}") = "SENAI-UC14-AT2", "SENAI-UC14-AT2\SENAI-UC14-AT2.csproj", "{5722B425-3846-4C07-9B00-AEFD432F443B}"
EndProject
Project("{FAE04EC0-301F-11D3-BF4B-00C04F79EFBC}") = "TesteXunitExoApi", "TesteXunitExoApi\TesteXunitExoApi.csproj", "{0C6E8F4F-2B63-40E7-B82E-95ADBDEC0828}"
EndProject
Global
	GlobalSection(SolutionConfigurationPlatforms) = preSolution
		Debug|Any CPU = Debug|Any CPU
		Release|Any CPU = Release|Any CPU
	EndGlobalSection
	GlobalSection(ProjectConfigurationPlatforms) = postSolution
		{5722B425-3846-4C07-9B00-AEFD432F443B}.Debug|Any CPU.ActiveCfg = Debug|Any CPU
		{5722B425-3846-4C07-9B00-AEFD432F443B}.Debug|Any CPU.Build.0 = Debug|Any CPU
		{5722B425-3846-4C07-9B00-AEFD432F443B}.Release|Any CPU.ActiveCfg = Release|Any CPU
		{5722B425-3846-4C07-9B00-AEFD432F443B}.Release|Any CPU.Build.0 = Release|Any CPU
		{0C6E8F4F-2B63-40E7-B82E-95ADBDEC0828}.Debug|Any CPU.ActiveCfg = Debug|Any CPU
		{0C6E8F4F-2B63-40E7-B82E-95ADBDEC0828}.Debug|Any CPU.Build.0 = Debug|Any CPU
		{0C6E8F4F-2B63-40E7-B82E-95ADBDEC0828}.Release|Any CPU.ActiveCfg = Release|Any CPU
		{0C6E8F4F-2B63-40E7-B82E-95ADBDEC0828}.Release|Any CPU.Build.0 = Release|Any CPU
	EndGlobalSection
	GlobalSection(SolutionProperties) = preSolution
		HideSolutionNode = FALSE
	EndGlobalSection
	GlobalSection(ExtensibilityGlobals) = postSolution
		SolutionGuid = {2834A187-5A8B-4728-BEA3-FD22EA530579}
	EndGlobalSection
EndGlobal
